<?xml version="1.0" encoding="UTF-8" standalone="yes" ?>
<CodeBlocks_project_file>
	<FileVersion major="1" minor="6" />
	<Project>
		<Option title="IBLBM" />
		<Option pch_mode="2" />
		<Option default_target="ParallelOptGenericDebug" />
		<Option compiler="gcc" />
		<Build>
			<Target title="Debug">
				<Option output="build/Debug/bin/IBLBM" prefix_auto="1" extension_auto="1" />
				<Option object_output="build/Debug/obj/" />
				<Option type="1" />
				<Option compiler="gcc" />
				<Compiler>
					<Add option="-Wnon-virtual-dtor" />
					<Add option="-Wshadow" />
					<Add option="-Winit-self" />
					<Add option="-Wredundant-decls" />
					<Add option="-Wcast-align" />
					<Add option="-Wundef" />
					<Add option="-Wfloat-equal" />
					<Add option="-Wunreachable-code" />
					<Add option="-Wmissing-declarations" />
					<Add option="-Wmissing-include-dirs" />
					<Add option="-Wswitch-enum" />
					<Add option="-Wswitch-default" />
					<Add option="-Wzero-as-null-pointer-constant" />
					<Add option="-Wmain" />
					<Add option="-pedantic" />
					<Add option="-Wextra" />
					<Add option="-Wall" />
					<Add option="-g" />
					<Add option="-DIBLBM_DEBUG" />
				</Compiler>
			</Target>
			<Target title="OptDebug">
				<Option output="build/OptDebug/bin/IBLBM" prefix_auto="1" extension_auto="1" />
				<Option object_output="build/OptDebug/obj/" />
				<Option type="1" />
				<Option compiler="gcc" />
				<Compiler>
					<Add option="-Wnon-virtual-dtor" />
					<Add option="-Wshadow" />
					<Add option="-Winit-self" />
					<Add option="-Wredundant-decls" />
					<Add option="-Wcast-align" />
					<Add option="-Wundef" />
					<Add option="-Wfloat-equal" />
					<Add option="-Wunreachable-code" />
					<Add option="-Wmissing-declarations" />
					<Add option="-Wmissing-include-dirs" />
					<Add option="-Wswitch-enum" />
					<Add option="-Wswitch-default" />
					<Add option="-Wzero-as-null-pointer-constant" />
					<Add option="-Wmain" />
					<Add option="-pedantic" />
					<Add option="-Wextra" />
					<Add option="-Wall" />
					<Add option="-g" />
					<Add option="-DIBLBM_DEBUG" />
				</Compiler>
			</Target>
			<Target title="OptGenericDebug">
				<Option output="build/OptGenericDebug/bin/IBLBM" prefix_auto="1" extension_auto="1" />
				<Option object_output="build/OptGenericDebug/obj/" />
				<Option type="1" />
				<Option compiler="gcc" />
				<Compiler>
					<Add option="-Wnon-virtual-dtor" />
					<Add option="-Wshadow" />
					<Add option="-Winit-self" />
					<Add option="-Wredundant-decls" />
					<Add option="-Wcast-align" />
					<Add option="-Wundef" />
					<Add option="-Wfloat-equal" />
					<Add option="-Wunreachable-code" />
					<Add option="-Wmissing-declarations" />
					<Add option="-Wmissing-include-dirs" />
					<Add option="-Wswitch-enum" />
					<Add option="-Wswitch-default" />
					<Add option="-Wzero-as-null-pointer-constant" />
					<Add option="-Wmain" />
					<Add option="-pedantic" />
					<Add option="-Wextra" />
					<Add option="-Wall" />
					<Add option="-g" />
					<Add option="-DIBLBM_DEBUG" />
					<Add option="-DIBLBM_USE_GENERIC" />
				</Compiler>
			</Target>
			<Target title="ParallelOptGenericDebug">
				<Option output="build/ParallelOptGenericDebug/bin/IBLBM" prefix_auto="1" extension_auto="1" />
				<Option object_output="build/ParallelOptGenericDebug/obj/" />
				<Option type="1" />
				<Option compiler="gcc" />
				<Option parameters=" -mpi mpiexec.openmpi -n 4" />
				<Compiler>
					<Add option="-Wnon-virtual-dtor" />
					<Add option="-Wshadow" />
					<Add option="-Winit-self" />
					<Add option="-Wredundant-decls" />
					<Add option="-Wcast-align" />
					<Add option="-Wundef" />
					<Add option="-Wfloat-equal" />
					<Add option="-Wunreachable-code" />
					<Add option="-Wmissing-declarations" />
					<Add option="-Wmissing-include-dirs" />
					<Add option="-Wswitch-enum" />
					<Add option="-Wswitch-default" />
					<Add option="-Wzero-as-null-pointer-constant" />
					<Add option="-Wmain" />
					<Add option="-pedantic" />
					<Add option="-Wextra" />
					<Add option="-Wall" />
					<Add option="-g" />
					<Add option="-I/usr/lib/openmpi/include" />
					<Add option="-I/usr/lib/openmpi/include/openmpi" />
					<Add option="-pthread" />
					<Add option="-DIBLBM_DEBUG" />
					<Add option="-DIBLBM_USE_GENERIC" />
					<Add option="-DIBLBM_PARALLEL_MPI" />
				</Compiler>
				<Linker>
					<Add option="-pthread" />
					<Add option="-L/usr//lib" />
					<Add option="-L/usr/lib/openmpi/lib" />
					<Add option="-lmpi_cxx" />
					<Add option="-lmpi" />
					<Add option="-ldl" />
					<Add option="-lhwloc" />
				</Linker>
			</Target>
			<Target title="Release">
				<Option output="build/Release/bin/IBLBM" prefix_auto="1" extension_auto="1" />
				<Option object_output="build/Release/obj/" />
				<Option type="1" />
				<Option compiler="gcc" />
				<Compiler>
					<Add option="-O2" />
					<Add option="-Wnon-virtual-dtor" />
					<Add option="-Wshadow" />
					<Add option="-Winit-self" />
					<Add option="-Wredundant-decls" />
					<Add option="-Wcast-align" />
					<Add option="-Wundef" />
					<Add option="-Wfloat-equal" />
					<Add option="-Wunreachable-code" />
					<Add option="-Wmissing-declarations" />
					<Add option="-Wmissing-include-dirs" />
					<Add option="-Wswitch-enum" />
					<Add option="-Wswitch-default" />
					<Add option="-Wzero-as-null-pointer-constant" />
					<Add option="-Wmain" />
					<Add option="-pedantic" />
					<Add option="-Wextra" />
					<Add option="-Wall" />
				</Compiler>
				<Linker>
					<Add option="-s" />
					<Add library="lib/libUnitTest++.a" />
				</Linker>
			</Target>
		</Build>
		<Compiler>
			<Add option="-Wnon-virtual-dtor" />
			<Add option="-Wshadow" />
			<Add option="-Winit-self" />
			<Add option="-Wredundant-decls" />
			<Add option="-Wcast-align" />
			<Add option="-Wundef" />
			<Add option="-Wfloat-equal" />
			<Add option="-Wunreachable-code" />
			<Add option="-Wmissing-declarations" />
			<Add option="-Wmissing-include-dirs" />
			<Add option="-Wswitch-enum" />
			<Add option="-Wswitch-default" />
			<Add option="-Wzero-as-null-pointer-constant" />
			<Add option="-Wmain" />
			<Add option="-pedantic" />
			<Add option="-Wextra" />
			<Add option="-Wall" />
			<Add option="-fexceptions" />
			<Add option="-Wno-sign-compare" />
			<Add option="-std=c++17" />
			<Add directory="$(#boost.include)" />
			<Add directory="src/boundary" />
			<Add directory="src/core" />
			<Add directory="src/dynamics" />
			<Add directory="src/fortests" />
			<Add directory="src/functor" />
			<Add directory="src/functor/lattice/indicator" />
			<Add directory="src/geometry" />
			<Add directory="src/io" />
			<Add directory="src/parallel" />
			<Add directory="thirdparty" />
		</Compiler>
		<Linker>
			<Add option="-lboost_filesystem" />
			<Add option="-lboost_system" />
			<Add library="lib/libUnitTest++.a" />
			<Add directory="lib" />
			<Add directory="$(#boost.lib)" />
		</Linker>
		<ExtraCommands>
			<Add before="python scripts/IblbmBuildInfo.py" />
		</ExtraCommands>
		<Unit filename="examples/Poiseuille.cpp" />
		<Unit filename="src/boundary/MomentumExchangeBounceBackBoundary.cpp" />
		<Unit filename="src/boundary/MomentumExchangeBounceBackBoundary.hpp" />
		<Unit filename="src/core/BufferSerializable.cpp" />
		<Unit filename="src/core/BufferSerializable.hpp" />
		<Unit filename="src/core/Cell.cpp" />
		<Unit filename="src/core/Cell.hpp" />
		<Unit filename="src/core/CoreUtilities.hpp" />
		<Unit filename="src/core/Exception.cpp" />
		<Unit filename="src/core/Exception.hpp" />
		<Unit filename="src/core/IblbmInitialize.hpp" />
		<Unit filename="src/core/IblbmSyscall.hpp" />
		<Unit filename="src/core/LatticeStatistics.cpp" />
		<Unit filename="src/core/LatticeStatistics.hpp" />
		<Unit filename="src/core/Serializable.cpp" />
		<Unit filename="src/core/Serializable.hpp" />
		<Unit filename="src/core/Serializer.cpp" />
		<Unit filename="src/core/Serializer.hpp" />
		<Unit filename="src/core/UnitConverter.cpp" />
		<Unit filename="src/core/UnitConverter.hpp" />
		<Unit filename="src/core/Vector.hpp" />
		<Unit filename="src/dynamics/AbstractDynamics.cpp" />
		<Unit filename="src/dynamics/AbstractDynamics.hpp" />
		<Unit filename="src/dynamics/AbstractDynamicsInterface.cpp" />
		<Unit filename="src/dynamics/AbstractDynamicsInterface.hpp" />
		<Unit filename="src/dynamics/AbstractMomentaInterface.cpp" />
		<Unit filename="src/dynamics/AbstractMomentaInterface.hpp" />
		<Unit filename="src/dynamics/BgkDynamics.cpp" />
		<Unit filename="src/dynamics/BgkDynamics.hpp" />
		<Unit filename="src/dynamics/BulkMomenta.cpp" />
		<Unit filename="src/dynamics/BulkMomenta.hpp" />
		<Unit filename="src/dynamics/Descriptor.cpp" />
		<Unit filename="src/dynamics/Descriptor.hpp" />
		<Unit filename="src/dynamics/ForcedBgkDynamics.cpp" />
		<Unit filename="src/dynamics/ForcedBgkDynamics.hpp" />
		<Unit filename="src/dynamics/Helpers.hpp" />
		<Unit filename="src/dynamics/HelpersD2Q9.hpp" />
		<Unit filename="src/fortests/UnitTestCustomUtilities.hpp" />
		<Unit filename="src/functor/AbstractFunctor.cpp" />
		<Unit filename="src/functor/AbstractFunctor.hpp" />
		<Unit filename="src/functor/lattice/indicator/AbstractIndicatorFunctor2D.cpp" />
		<Unit filename="src/functor/lattice/indicator/AbstractIndicatorFunctor2D.hpp" />
		<Unit filename="src/functor/lattice/indicator/IndicatorFunctor2D.cpp" />
		<Unit filename="src/functor/lattice/indicator/IndicatorFunctor2D.hpp" />
		<Unit filename="src/geometry/Cuboid2D.cpp" />
		<Unit filename="src/geometry/Cuboid2D.hpp" />
		<Unit filename="src/geometry/CuboidGeometry2D.cpp" />
		<Unit filename="src/geometry/CuboidGeometry2D.hpp" />
		<Unit filename="src/io/BoostFilesystem.hpp" />
		<Unit filename="src/io/FileFinder.cpp" />
		<Unit filename="src/io/FileFinder.hpp" />
		<Unit filename="src/io/GetCurrentWorkingDirectory.cpp" />
		<Unit filename="src/io/GetCurrentWorkingDirectory.hpp" />
		<Unit filename="src/io/IblbmBuildRoot.cpp" />
		<Unit filename="src/io/IblbmBuildRoot.hpp" />
		<Unit filename="src/io/OstreamManager.cpp" />
		<Unit filename="src/io/OstreamManager.hpp" />
		<Unit filename="src/io/OutputFileHandler.cpp" />
		<Unit filename="src/io/OutputFileHandler.hpp" />
		<Unit filename="src/io/PosixPathFixer.hpp" />
		<Unit filename="src/main-devel.cpp" />
		<Unit filename="src/parallel/HeuristicLoadBalancer.cpp" />
		<Unit filename="src/parallel/HeuristicLoadBalancer.hpp" />
		<Unit filename="src/parallel/LoadBalancer.cpp" />
		<Unit filename="src/parallel/LoadBalancer.hpp" />
		<Unit filename="src/parallel/MpiManager.cpp" />
		<Unit filename="src/parallel/MpiManager.hpp" />
		<Unit filename="unittests/TestBgkDynamics.cpp" />
		<Unit filename="unittests/TestBulkMomenta.cpp" />
		<Unit filename="unittests/TestCell.cpp" />
		<Unit filename="unittests/TestCuboid2D.cpp" />
		<Unit filename="unittests/TestCuboidGeometry2D.cpp" />
		<Unit filename="unittests/TestDescriptor.cpp" />
		<Unit filename="unittests/TestException.cpp" />
		<Unit filename="unittests/TestFileFinder.cpp" />
		<Unit filename="unittests/TestForcedBgkDynamics.cpp" />
		<Unit filename="unittests/TestHelpers.cpp" />
		<Unit filename="unittests/TestIndicatorCuboid2D.cpp" />
		<Unit filename="unittests/TestLatticeStatistics.cpp" />
		<Unit filename="unittests/TestLoadBalancer.cpp" />
		<Unit filename="unittests/TestMomentumExchangeBounceBackBoundary.cpp" />
		<Unit filename="unittests/TestMpiManager.cpp" />
		<Unit filename="unittests/TestOstreamManager.cpp" />
		<Unit filename="unittests/TestOutputFileHandler.cpp" />
		<Unit filename="unittests/TestSerializer.cpp" />
		<Unit filename="unittests/TestUnitConverter.cpp" />
		<Unit filename="unittests/TestVector.cpp" />
		<Extensions>
			<code_completion />
			<envvars />
			<debugger />
			<lib_finder disable_auto="1" />
		</Extensions>
	</Project>
</CodeBlocks_project_file>
